
Microsoft Visual Studio Solution File, Format Version 12.00
# Visual Studio Version 16
VisualStudioVersion = 16.0.30204.135
MinimumVisualStudioVersion = 10.0.40219.1
Project("{FAE04EC0-301F-11D3-BF4B-00C04F79EFBC}") = "FseStreamR", "FseStreamR\FseStreamR.csproj", "{5E88EA2D-7338-4BC4-9D97-694B2E7E6613}"
EndProject
Global
	GlobalSection(SolutionConfigurationPlatforms) = preSolution
		Debug|Any CPU = Debug|Any CPU
		Release|Any CPU = Release|Any CPU
	EndGlobalSection
	GlobalSection(ProjectConfigurationPlatforms) = postSolution
		{5E88EA2D-7338-4BC4-9D97-694B2E7E6613}.Debug|Any CPU.ActiveCfg = Debug|Any CPU
		{5E88EA2D-7338-4BC4-9D97-694B2E7E6613}.Debug|Any CPU.Build.0 = Debug|Any CPU
		{5E88EA2D-7338-4BC4-9D97-694B2E7E6613}.Release|Any CPU.ActiveCfg = Release|Any CPU
		{5E88EA2D-7338-4BC4-9D97-694B2E7E6613}.Release|Any CPU.Build.0 = Release|Any CPU
	EndGlobalSection
	GlobalSection(SolutionProperties) = preSolution
		HideSolutionNode = FALSE
	EndGlobalSection
	GlobalSection(ExtensibilityGlobals) = postSolution
		SolutionGuid = {25DBCDA1-FAF6-4334-8E0B-C0A797D3A254}
	EndGlobalSection
EndGlobal
