
Microsoft Visual Studio Solution File, Format Version 12.00
# Visual Studio 15
VisualStudioVersion = 15.0.27703.2042
MinimumVisualStudioVersion = 10.0.40219.1
Project("{FAE04EC0-301F-11D3-BF4B-00C04F79EFBC}") = "constru", "constru.csproj", "{1F9306E1-6EDD-4925-929D-E7A76FAEF61B}"
EndProject
Global
	GlobalSection(SolutionConfigurationPlatforms) = preSolution
		Debug|Any CPU = Debug|Any CPU
		Release|Any CPU = Release|Any CPU
	EndGlobalSection
	GlobalSection(ProjectConfigurationPlatforms) = postSolution
		{1F9306E1-6EDD-4925-929D-E7A76FAEF61B}.Debug|Any CPU.ActiveCfg = Debug|Any CPU
		{1F9306E1-6EDD-4925-929D-E7A76FAEF61B}.Debug|Any CPU.Build.0 = Debug|Any CPU
		{1F9306E1-6EDD-4925-929D-E7A76FAEF61B}.Release|Any CPU.ActiveCfg = Release|Any CPU
		{1F9306E1-6EDD-4925-929D-E7A76FAEF61B}.Release|Any CPU.Build.0 = Release|Any CPU
	EndGlobalSection
	GlobalSection(SolutionProperties) = preSolution
		HideSolutionNode = FALSE
	EndGlobalSection
	GlobalSection(ExtensibilityGlobals) = postSolution
		SolutionGuid = {53B528FE-4D43-4DA5-AF7E-00D43DA7AED3}
	EndGlobalSection
EndGlobal
