
Microsoft Visual Studio Solution File, Format Version 12.00
# Visual Studio Version 16
VisualStudioVersion = 16.0.30320.27
MinimumVisualStudioVersion = 10.0.40219.1
Project("{FAE04EC0-301F-11D3-BF4B-00C04F79EFBC}") = "predicate", "predicate\predicate.csproj", "{91A239D3-7897-4D7C-B0DC-8DF8746D3ACB}"
EndProject
Global
	GlobalSection(SolutionConfigurationPlatforms) = preSolution
		Debug|Any CPU = Debug|Any CPU
		Release|Any CPU = Release|Any CPU
	EndGlobalSection
	GlobalSection(ProjectConfigurationPlatforms) = postSolution
		{91A239D3-7897-4D7C-B0DC-8DF8746D3ACB}.Debug|Any CPU.ActiveCfg = Debug|Any CPU
		{91A239D3-7897-4D7C-B0DC-8DF8746D3ACB}.Debug|Any CPU.Build.0 = Debug|Any CPU
		{91A239D3-7897-4D7C-B0DC-8DF8746D3ACB}.Release|Any CPU.ActiveCfg = Release|Any CPU
		{91A239D3-7897-4D7C-B0DC-8DF8746D3ACB}.Release|Any CPU.Build.0 = Release|Any CPU
	EndGlobalSection
	GlobalSection(SolutionProperties) = preSolution
		HideSolutionNode = FALSE
	EndGlobalSection
	GlobalSection(ExtensibilityGlobals) = postSolution
		SolutionGuid = {2650A53C-7479-4946-ABFD-5F0446468267}
	EndGlobalSection
EndGlobal
