
Microsoft Visual Studio Solution File, Format Version 12.00
# Visual Studio Version 16
VisualStudioVersion = 16.0.29613.14
MinimumVisualStudioVersion = 10.0.40219.1
Project("{FAE04EC0-301F-11D3-BF4B-00C04F79EFBC}") = "ContaBanco", "ContaBanco\ContaBanco.csproj", "{11221C6D-922E-4451-8BCE-DA1A0E085006}"
EndProject
Global
	GlobalSection(SolutionConfigurationPlatforms) = preSolution
		Debug|Any CPU = Debug|Any CPU
		Release|Any CPU = Release|Any CPU
	EndGlobalSection
	GlobalSection(ProjectConfigurationPlatforms) = postSolution
		{11221C6D-922E-4451-8BCE-DA1A0E085006}.Debug|Any CPU.ActiveCfg = Debug|Any CPU
		{11221C6D-922E-4451-8BCE-DA1A0E085006}.Debug|Any CPU.Build.0 = Debug|Any CPU
		{11221C6D-922E-4451-8BCE-DA1A0E085006}.Release|Any CPU.ActiveCfg = Release|Any CPU
		{11221C6D-922E-4451-8BCE-DA1A0E085006}.Release|Any CPU.Build.0 = Release|Any CPU
	EndGlobalSection
	GlobalSection(SolutionProperties) = preSolution
		HideSolutionNode = FALSE
	EndGlobalSection
	GlobalSection(ExtensibilityGlobals) = postSolution
		SolutionGuid = {90B14287-9359-49A4-90B7-622F7B9006C9}
	EndGlobalSection
EndGlobal
