
Microsoft Visual Studio Solution File, Format Version 12.00
# Visual Studio 15
VisualStudioVersion = 15.0.28307.1022
MinimumVisualStudioVersion = 10.0.40219.1
Project("{FAE04EC0-301F-11D3-BF4B-00C04F79EFBC}") = "funcionario", "funcionario.csproj", "{EB7279B9-699C-477E-9271-001813715519}"
EndProject
Global
	GlobalSection(SolutionConfigurationPlatforms) = preSolution
		Debug|Any CPU = Debug|Any CPU
		Release|Any CPU = Release|Any CPU
	EndGlobalSection
	GlobalSection(ProjectConfigurationPlatforms) = postSolution
		{EB7279B9-699C-477E-9271-001813715519}.Debug|Any CPU.ActiveCfg = Debug|Any CPU
		{EB7279B9-699C-477E-9271-001813715519}.Debug|Any CPU.Build.0 = Debug|Any CPU
		{EB7279B9-699C-477E-9271-001813715519}.Release|Any CPU.ActiveCfg = Release|Any CPU
		{EB7279B9-699C-477E-9271-001813715519}.Release|Any CPU.Build.0 = Release|Any CPU
	EndGlobalSection
	GlobalSection(SolutionProperties) = preSolution
		HideSolutionNode = FALSE
	EndGlobalSection
	GlobalSection(ExtensibilityGlobals) = postSolution
		SolutionGuid = {A5034440-4A45-4CBC-9E30-4AF1F0C72E25}
	EndGlobalSection
EndGlobal
