
Microsoft Visual Studio Solution File, Format Version 12.00
# Visual Studio 15
VisualStudioVersion = 15.0.27703.2042
MinimumVisualStudioVersion = 10.0.40219.1
Project("{FAE04EC0-301F-11D3-BF4B-00C04F79EFBC}") = "quartospensao", "quartospensao.csproj", "{CF646771-8072-4CB4-B720-C96ED8FCFF48}"
EndProject
Global
	GlobalSection(SolutionConfigurationPlatforms) = preSolution
		Debug|Any CPU = Debug|Any CPU
		Release|Any CPU = Release|Any CPU
	EndGlobalSection
	GlobalSection(ProjectConfigurationPlatforms) = postSolution
		{CF646771-8072-4CB4-B720-C96ED8FCFF48}.Debug|Any CPU.ActiveCfg = Debug|Any CPU
		{CF646771-8072-4CB4-B720-C96ED8FCFF48}.Debug|Any CPU.Build.0 = Debug|Any CPU
		{CF646771-8072-4CB4-B720-C96ED8FCFF48}.Release|Any CPU.ActiveCfg = Release|Any CPU
		{CF646771-8072-4CB4-B720-C96ED8FCFF48}.Release|Any CPU.Build.0 = Release|Any CPU
	EndGlobalSection
	GlobalSection(SolutionProperties) = preSolution
		HideSolutionNode = FALSE
	EndGlobalSection
	GlobalSection(ExtensibilityGlobals) = postSolution
		SolutionGuid = {059B8130-7AB9-402C-96DF-7A252EEB5D02}
	EndGlobalSection
EndGlobal
