
Microsoft Visual Studio Solution File, Format Version 12.00
# Visual Studio Version 16
VisualStudioVersion = 16.0.29306.81
MinimumVisualStudioVersion = 10.0.40219.1
Project("{FAE04EC0-301F-11D3-BF4B-00C04F79EFBC}") = "Exercicioretangulo", "Exercicioretangulo\Exercicioretangulo.csproj", "{D5277132-7A95-4F4B-BE8C-E13015A888A0}"
EndProject
Global
	GlobalSection(SolutionConfigurationPlatforms) = preSolution
		Debug|Any CPU = Debug|Any CPU
		Release|Any CPU = Release|Any CPU
	EndGlobalSection
	GlobalSection(ProjectConfigurationPlatforms) = postSolution
		{D5277132-7A95-4F4B-BE8C-E13015A888A0}.Debug|Any CPU.ActiveCfg = Debug|Any CPU
		{D5277132-7A95-4F4B-BE8C-E13015A888A0}.Debug|Any CPU.Build.0 = Debug|Any CPU
		{D5277132-7A95-4F4B-BE8C-E13015A888A0}.Release|Any CPU.ActiveCfg = Release|Any CPU
		{D5277132-7A95-4F4B-BE8C-E13015A888A0}.Release|Any CPU.Build.0 = Release|Any CPU
	EndGlobalSection
	GlobalSection(SolutionProperties) = preSolution
		HideSolutionNode = FALSE
	EndGlobalSection
	GlobalSection(ExtensibilityGlobals) = postSolution
		SolutionGuid = {F17D920A-80C1-42D0-9758-AA18DD08B402}
	EndGlobalSection
EndGlobal
