
Microsoft Visual Studio Solution File, Format Version 12.00
# Visual Studio 15
VisualStudioVersion = 15.0.27703.2042
MinimumVisualStudioVersion = 10.0.40219.1
Project("{FAE04EC0-301F-11D3-BF4B-00C04F79EFBC}") = "conversao", "conversao.csproj", "{5DCA8D8A-3879-4B5C-A688-36E0868B76CF}"
EndProject
Global
	GlobalSection(SolutionConfigurationPlatforms) = preSolution
		Debug|Any CPU = Debug|Any CPU
		Release|Any CPU = Release|Any CPU
	EndGlobalSection
	GlobalSection(ProjectConfigurationPlatforms) = postSolution
		{5DCA8D8A-3879-4B5C-A688-36E0868B76CF}.Debug|Any CPU.ActiveCfg = Debug|Any CPU
		{5DCA8D8A-3879-4B5C-A688-36E0868B76CF}.Debug|Any CPU.Build.0 = Debug|Any CPU
		{5DCA8D8A-3879-4B5C-A688-36E0868B76CF}.Release|Any CPU.ActiveCfg = Release|Any CPU
		{5DCA8D8A-3879-4B5C-A688-36E0868B76CF}.Release|Any CPU.Build.0 = Release|Any CPU
	EndGlobalSection
	GlobalSection(SolutionProperties) = preSolution
		HideSolutionNode = FALSE
	EndGlobalSection
	GlobalSection(ExtensibilityGlobals) = postSolution
		SolutionGuid = {B07D3F7D-4F73-4F17-9200-5827726CE0B7}
	EndGlobalSection
EndGlobal
