
Microsoft Visual Studio Solution File, Format Version 12.00
# Visual Studio 15
VisualStudioVersion = 15.0.27703.2042
MinimumVisualStudioVersion = 10.0.40219.1
Project("{FAE04EC0-301F-11D3-BF4B-00C04F79EFBC}") = "FormulaBaskara", "FormulaBaskara.csproj", "{12B82D6A-BF4C-43EA-BC94-4088C53692C3}"
EndProject
Global
	GlobalSection(SolutionConfigurationPlatforms) = preSolution
		Debug|Any CPU = Debug|Any CPU
		Release|Any CPU = Release|Any CPU
	EndGlobalSection
	GlobalSection(ProjectConfigurationPlatforms) = postSolution
		{12B82D6A-BF4C-43EA-BC94-4088C53692C3}.Debug|Any CPU.ActiveCfg = Debug|Any CPU
		{12B82D6A-BF4C-43EA-BC94-4088C53692C3}.Debug|Any CPU.Build.0 = Debug|Any CPU
		{12B82D6A-BF4C-43EA-BC94-4088C53692C3}.Release|Any CPU.ActiveCfg = Release|Any CPU
		{12B82D6A-BF4C-43EA-BC94-4088C53692C3}.Release|Any CPU.Build.0 = Release|Any CPU
	EndGlobalSection
	GlobalSection(SolutionProperties) = preSolution
		HideSolutionNode = FALSE
	EndGlobalSection
	GlobalSection(ExtensibilityGlobals) = postSolution
		SolutionGuid = {A9615BBD-D589-4BD1-A5B6-B5233F1A245A}
	EndGlobalSection
EndGlobal
