
Microsoft Visual Studio Solution File, Format Version 12.00
# Visual Studio Version 16
VisualStudioVersion = 16.0.30225.117
MinimumVisualStudioVersion = 10.0.40219.1
Project("{FAE04EC0-301F-11D3-BF4B-00C04F79EFBC}") = "sortedset", "sortedset\sortedset.csproj", "{FFEC2EFE-D24C-4095-BDB2-5FCF3EC519AB}"
EndProject
Global
	GlobalSection(SolutionConfigurationPlatforms) = preSolution
		Debug|Any CPU = Debug|Any CPU
		Release|Any CPU = Release|Any CPU
	EndGlobalSection
	GlobalSection(ProjectConfigurationPlatforms) = postSolution
		{FFEC2EFE-D24C-4095-BDB2-5FCF3EC519AB}.Debug|Any CPU.ActiveCfg = Debug|Any CPU
		{FFEC2EFE-D24C-4095-BDB2-5FCF3EC519AB}.Debug|Any CPU.Build.0 = Debug|Any CPU
		{FFEC2EFE-D24C-4095-BDB2-5FCF3EC519AB}.Release|Any CPU.ActiveCfg = Release|Any CPU
		{FFEC2EFE-D24C-4095-BDB2-5FCF3EC519AB}.Release|Any CPU.Build.0 = Release|Any CPU
	EndGlobalSection
	GlobalSection(SolutionProperties) = preSolution
		HideSolutionNode = FALSE
	EndGlobalSection
	GlobalSection(ExtensibilityGlobals) = postSolution
		SolutionGuid = {1664476A-43C8-446E-8BC9-05C77FE0C331}
	EndGlobalSection
EndGlobal
