
Microsoft Visual Studio Solution File, Format Version 12.00
# Visual Studio 15
VisualStudioVersion = 15.0.27703.2042
MinimumVisualStudioVersion = 10.0.40219.1
Project("{FAE04EC0-301F-11D3-BF4B-00C04F79EFBC}") = "ConsoleApp1", "ConsoleApp1.csproj", "{53DA597F-D4E7-4264-AC6B-F4CBA921799D}"
EndProject
Global
	GlobalSection(SolutionConfigurationPlatforms) = preSolution
		Debug|Any CPU = Debug|Any CPU
		Release|Any CPU = Release|Any CPU
	EndGlobalSection
	GlobalSection(ProjectConfigurationPlatforms) = postSolution
		{53DA597F-D4E7-4264-AC6B-F4CBA921799D}.Debug|Any CPU.ActiveCfg = Debug|Any CPU
		{53DA597F-D4E7-4264-AC6B-F4CBA921799D}.Debug|Any CPU.Build.0 = Debug|Any CPU
		{53DA597F-D4E7-4264-AC6B-F4CBA921799D}.Release|Any CPU.ActiveCfg = Release|Any CPU
		{53DA597F-D4E7-4264-AC6B-F4CBA921799D}.Release|Any CPU.Build.0 = Release|Any CPU
	EndGlobalSection
	GlobalSection(SolutionProperties) = preSolution
		HideSolutionNode = FALSE
	EndGlobalSection
	GlobalSection(ExtensibilityGlobals) = postSolution
		SolutionGuid = {CEE1B5A9-4C96-49CE-9784-EC62C6AD6C40}
	EndGlobalSection
EndGlobal
