
Microsoft Visual Studio Solution File, Format Version 12.00
# Visual Studio 15
VisualStudioVersion = 15.0.27703.2042
MinimumVisualStudioVersion = 10.0.40219.1
Project("{FAE04EC0-301F-11D3-BF4B-00C04F79EFBC}") = "exerciciobanco", "exerciciobanco.csproj", "{8160EF51-B244-4C76-85E3-30A0CD0EFB39}"
EndProject
Global
	GlobalSection(SolutionConfigurationPlatforms) = preSolution
		Debug|Any CPU = Debug|Any CPU
		Release|Any CPU = Release|Any CPU
	EndGlobalSection
	GlobalSection(ProjectConfigurationPlatforms) = postSolution
		{8160EF51-B244-4C76-85E3-30A0CD0EFB39}.Debug|Any CPU.ActiveCfg = Debug|Any CPU
		{8160EF51-B244-4C76-85E3-30A0CD0EFB39}.Debug|Any CPU.Build.0 = Debug|Any CPU
		{8160EF51-B244-4C76-85E3-30A0CD0EFB39}.Release|Any CPU.ActiveCfg = Release|Any CPU
		{8160EF51-B244-4C76-85E3-30A0CD0EFB39}.Release|Any CPU.Build.0 = Release|Any CPU
	EndGlobalSection
	GlobalSection(SolutionProperties) = preSolution
		HideSolutionNode = FALSE
	EndGlobalSection
	GlobalSection(ExtensibilityGlobals) = postSolution
		SolutionGuid = {B0F0DE8E-DFDB-4496-A98B-47BE6CE93D28}
	EndGlobalSection
EndGlobal
