
Microsoft Visual Studio Solution File, Format Version 12.00
# Visual Studio 15
VisualStudioVersion = 15.0.27703.2042
MinimumVisualStudioVersion = 10.0.40219.1
Project("{FAE04EC0-301F-11D3-BF4B-00C04F79EFBC}") = "exerciciofixacao", "exerciciofixacao.csproj", "{534A3ABA-C08E-4228-8865-3D9329722C4B}"
EndProject
Global
	GlobalSection(SolutionConfigurationPlatforms) = preSolution
		Debug|Any CPU = Debug|Any CPU
		Release|Any CPU = Release|Any CPU
	EndGlobalSection
	GlobalSection(ProjectConfigurationPlatforms) = postSolution
		{534A3ABA-C08E-4228-8865-3D9329722C4B}.Debug|Any CPU.ActiveCfg = Debug|Any CPU
		{534A3ABA-C08E-4228-8865-3D9329722C4B}.Debug|Any CPU.Build.0 = Debug|Any CPU
		{534A3ABA-C08E-4228-8865-3D9329722C4B}.Release|Any CPU.ActiveCfg = Release|Any CPU
		{534A3ABA-C08E-4228-8865-3D9329722C4B}.Release|Any CPU.Build.0 = Release|Any CPU
	EndGlobalSection
	GlobalSection(SolutionProperties) = preSolution
		HideSolutionNode = FALSE
	EndGlobalSection
	GlobalSection(ExtensibilityGlobals) = postSolution
		SolutionGuid = {61A2280B-A9F1-4C56-8A9C-F0E00C8BD529}
	EndGlobalSection
EndGlobal
